# This file is autogenerated, do not edit; changes may be undone by the next 'dep ensure'.


[[projects]]
  digest = "0:"
  name = "bou.ke/monkey"
  packages = ["."]
  pruneopts = "UT"
  revision = "bdf6dea004c6fd1cdf4b25da8ad45a606c09409a"
  version = "v1.0.1"

[[projects]]
  digest = "0:"
  name = "github.com/bazelbuild/rules_go"
  packages = ["go/tools/bazel"]
  pruneopts = "UT"
  revision = "3f29dcb26c9e22ae513321ec9096e776c353ebce"
  version = "0.18.7"

[[projects]]
  digest = "0:"
  name = "github.com/otiai10/mint"
  packages = ["."]
  pruneopts = "UT"
  revision = "1d26ec891681a7f861823e4faff5b99ff3086ff9"
  version = "v1.2.4"

[solve-meta]
  analyzer-name = "dep"
  analyzer-version = 1
  input-imports = [
    "github.com/bazelbuild/rules_go/go/tools/bazel",
    "github.com/otiai10/mint",
  ]
  solver-name = "gps-cdcl"
  solver-version = 1
